
Microsoft Visual Studio Solution File, Format Version 12.00
# Visual Studio Version 17
VisualStudioVersion = 17.6.33815.320
MinimumVisualStudioVersion = 10.0.40219.1
Project("{FAE04EC0-301F-11D3-BF4B-00C04F79EFBC}") = "GA_Stack_SinglyLinkedList_DanielMinty", "GA_Stack_SinglyLinkedList_DanielMinty\GA_Stack_SinglyLinkedList_DanielMinty.csproj", "{21985015-7F3F-4C41-9E09-63E31F76A85E}"
EndProject
Global
	GlobalSection(SolutionConfigurationPlatforms) = preSolution
		Debug|Any CPU = Debug|Any CPU
		Release|Any CPU = Release|Any CPU
	EndGlobalSection
	GlobalSection(ProjectConfigurationPlatforms) = postSolution
		{21985015-7F3F-4C41-9E09-63E31F76A85E}.Debug|Any CPU.ActiveCfg = Debug|Any CPU
		{21985015-7F3F-4C41-9E09-63E31F76A85E}.Debug|Any CPU.Build.0 = Debug|Any CPU
		{21985015-7F3F-4C41-9E09-63E31F76A85E}.Release|Any CPU.ActiveCfg = Release|Any CPU
		{21985015-7F3F-4C41-9E09-63E31F76A85E}.Release|Any CPU.Build.0 = Release|Any CPU
	EndGlobalSection
	GlobalSection(SolutionProperties) = preSolution
		HideSolutionNode = FALSE
	EndGlobalSection
	GlobalSection(ExtensibilityGlobals) = postSolution
		SolutionGuid = {DC017510-121A-4DD2-96DA-E7B72CE10978}
	EndGlobalSection
EndGlobal
